{
    "version": 3,
    "terraform_version": "0.11.4",
    "serial": 75,
    "lineage": "1eb81124-0534-4d2d-ab8b-795b3e2f8374",
    "modules": [
        {
            "path": [
                "root"
            ],
            "outputs": {
                "kube-master-server address": {
                    "sensitive": false,
                    "type": "string",
                    "value": "188.166.145.252"
                }
            },
            "resources": {
                "data.external.token": {
                    "type": "external",
                    "depends_on": [],
                    "primary": {
                        "id": "-",
                        "attributes": {
                            "id": "-",
                            "program.#": "2",
                            "program.0": "bash",
                            "program.1": "gen.sh",
                            "result.%": "1",
                            "result.token": "4lly4k.l2zxpex84kvq4z4l"
                        },
                        "meta": {},
                        "tainted": false
                    },
                    "deposed": [],
                    "provider": "provider.external"
                },
                "digitalocean_droplet.kube-master-server": {
                    "type": "digitalocean_droplet",
                    "depends_on": [
                        "data.external.token"
                    ],
                    "primary": {
                        "id": "93506033",
                        "attributes": {
                            "disk": "30",
                            "id": "93506033",
                            "image": "ubuntu-16-04-x64",
                            "ipv4_address": "188.166.145.252",
                            "ipv4_address_private": "10.131.46.130",
                            "locked": "false",
                            "name": "kube-master",
                            "price_hourly": "0.01488",
                            "price_monthly": "10",
                            "private_networking": "true",
                            "region": "lon1",
                            "resize_disk": "true",
                            "size": "1gb",
                            "ssh_keys.#": "1",
                            "ssh_keys.0": "0a:5a:bf:75:18:2f:fe:68:c3:66:0b:d9:99:f5:15:90",
                            "status": "active",
                            "tags.#": "0",
                            "vcpus": "1"
                        },
                        "meta": {},
                        "tainted": false
                    },
                    "deposed": [],
                    "provider": "provider.digitalocean"
                },
                "digitalocean_droplet.kube-node": {
                    "type": "digitalocean_droplet",
                    "depends_on": [
                        "data.external.token",
                        "digitalocean_droplet.kube-master-server"
                    ],
                    "primary": {
                        "id": "93506199",
                        "attributes": {
                            "disk": "30",
                            "id": "93506199",
                            "image": "ubuntu-16-04-x64",
                            "ipv4_address": "206.189.116.58",
                            "ipv4_address_private": "10.131.72.43",
                            "locked": "false",
                            "name": "kube-node-0",
                            "price_hourly": "0.01488",
                            "price_monthly": "10",
                            "private_networking": "true",
                            "region": "lon1",
                            "resize_disk": "true",
                            "size": "1gb",
                            "ssh_keys.#": "1",
                            "ssh_keys.0": "0a:5a:bf:75:18:2f:fe:68:c3:66:0b:d9:99:f5:15:90",
                            "status": "active",
                            "tags.#": "0",
                            "vcpus": "1"
                        },
                        "meta": {},
                        "tainted": false
                    },
                    "deposed": [],
                    "provider": "provider.digitalocean"
                },
                "digitalocean_firewall.kube-firewall": {
                    "type": "digitalocean_firewall",
                    "depends_on": [
                        "digitalocean_droplet.kube-master-server"
                    ],
                    "primary": {
                        "id": "89a4b67a-6075-4d39-8c40-899a8f8f920d",
                        "attributes": {
                            "droplet_ids.#": "1",
                            "droplet_ids.0": "93506033",
                            "id": "89a4b67a-6075-4d39-8c40-899a8f8f920d",
                            "inbound_rule.#": "2",
                            "inbound_rule.0.port_range": "22",
                            "inbound_rule.0.protocol": "tcp",
                            "inbound_rule.0.source_addresses.#": "1",
                            "inbound_rule.0.source_addresses.0": "2.24.166.73",
                            "inbound_rule.0.source_droplet_ids.#": "0",
                            "inbound_rule.0.source_load_balancer_uids.#": "0",
                            "inbound_rule.0.source_tags.#": "0",
                            "inbound_rule.1.port_range": "6443",
                            "inbound_rule.1.protocol": "tcp",
                            "inbound_rule.1.source_addresses.#": "1",
                            "inbound_rule.1.source_addresses.0": "0.0.0.0/0",
                            "inbound_rule.1.source_droplet_ids.#": "0",
                            "inbound_rule.1.source_load_balancer_uids.#": "0",
                            "inbound_rule.1.source_tags.#": "0",
                            "name": "only-22",
                            "outbound_rule.#": "2",
                            "outbound_rule.0.destination_addresses.#": "2",
                            "outbound_rule.0.destination_addresses.0": "0.0.0.0/0",
                            "outbound_rule.0.destination_addresses.1": "::/0",
                            "outbound_rule.0.destination_droplet_ids.#": "0",
                            "outbound_rule.0.destination_load_balancer_uids.#": "0",
                            "outbound_rule.0.destination_tags.#": "0",
                            "outbound_rule.0.port_range": "1-1024",
                            "outbound_rule.0.protocol": "tcp",
                            "outbound_rule.1.destination_addresses.#": "2",
                            "outbound_rule.1.destination_addresses.0": "0.0.0.0/0",
                            "outbound_rule.1.destination_addresses.1": "::/0",
                            "outbound_rule.1.destination_droplet_ids.#": "0",
                            "outbound_rule.1.destination_load_balancer_uids.#": "0",
                            "outbound_rule.1.destination_tags.#": "0",
                            "outbound_rule.1.port_range": "1-1024",
                            "outbound_rule.1.protocol": "udp",
                            "pending_changes.#": "1",
                            "pending_changes.0.droplet_id": "93506033",
                            "pending_changes.0.removing": "false",
                            "pending_changes.0.status": "waiting",
                            "status": "waiting",
                            "tags.#": "0"
                        },
                        "meta": {},
                        "tainted": false
                    },
                    "deposed": [],
                    "provider": "provider.digitalocean"
                },
                "null_resource.generatetoken": {
                    "type": "null_resource",
                    "depends_on": [],
                    "primary": {
                        "id": "301283484891888250",
                        "attributes": {
                            "id": "301283484891888250"
                        },
                        "meta": {},
                        "tainted": false
                    },
                    "deposed": [],
                    "provider": "provider.null"
                }
            },
            "depends_on": []
        }
    ]
}
